Microsoft Visual Studio Solution File, Format Version 12.00
# Visual Studio Version 17
VisualStudioVersion = 17.5.2.0
MinimumVisualStudioVersion = 10.0.40219.1
Project("{FAE04EC0-301F-11D3-BF4B-00C04F79EFBC}") = "SimpleLicense", "src\SimpleLicense\SimpleLicense.csproj", "{2B9C8F70-A9B2-691D-F12F-F032621E2E6A}"
EndProject
Project("{FAE04EC0-301F-11D3-BF4B-00C04F79EFBC}") = "CLI", "src\SimpleLicense\CLI\SimpleLicense.CLI.csproj", "{C1F3A9D2-4B6E-4E8F-9A2C-0F3B12D45E67}"
EndProject
Global
	GlobalSection(SolutionConfigurationPlatforms) = preSolution
		Debug|Any CPU = Debug|Any CPU
		Release|Any CPU = Release|Any CPU
	EndGlobalSection
	GlobalSection(ProjectConfigurationPlatforms) = postSolution
		{2B9C8F70-A9B2-691D-F12F-F032621E2E6A}.Debug|Any CPU.ActiveCfg = Debug|Any CPU
		{2B9C8F70-A9B2-691D-F12F-F032621E2E6A}.Debug|Any CPU.Build.0 = Debug|Any CPU
		{2B9C8F70-A9B2-691D-F12F-F032621E2E6A}.Release|Any CPU.ActiveCfg = Release|Any CPU
		{2B9C8F70-A9B2-691D-F12F-F032621E2E6A}.Release|Any CPU.Build.0 = Release|Any CPU

		{C1F3A9D2-4B6E-4E8F-9A2C-0F3B12D45E67}.Debug|Any CPU.ActiveCfg = Debug|Any CPU
		{C1F3A9D2-4B6E-4E8F-9A2C-0F3B12D45E67}.Debug|Any CPU.Build.0 = Debug|Any CPU
		{C1F3A9D2-4B6E-4E8F-9A2C-0F3B12D45E67}.Release|Any CPU.ActiveCfg = Release|Any CPU
		{C1F3A9D2-4B6E-4E8F-9A2C-0F3B12D45E67}.Release|Any CPU.Build.0 = Release|Any CPU
	EndGlobalSection
	GlobalSection(SolutionProperties) = preSolution
		HideSolutionNode = FALSE
	EndGlobalSection
	GlobalSection(ExtensibilityGlobals) = postSolution
		SolutionGuid = {BCE1654B-9687-4E2D-937B-A5004310E534}
	EndGlobalSection
EndGlobal

